
Microsoft Visual Studio Solution File, Format Version 12.00
# Visual Studio for Mac
Project("{FAE04EC0-301F-11D3-BF4B-00C04F79EFBC}") = "Assembly-CSharp", "Assembly-CSharp.csproj", "{15F946A4-5F13-063E-E82E-68D487C9840F}"
EndProject
Project("{FAE04EC0-301F-11D3-BF4B-00C04F79EFBC}") = "Assembly-CSharp-Editor", "Assembly-CSharp-Editor.csproj", "{94419828-7181-9EA4-F676-E23D3F1DFA7A}"
EndProject
Global
	GlobalSection(SolutionConfigurationPlatforms) = preSolution
		Debug|Any CPU = Debug|Any CPU
		Release|Any CPU = Release|Any CPU
	EndGlobalSection
	GlobalSection(ProjectConfigurationPlatforms) = postSolution
		{15F946A4-5F13-063E-E82E-68D487C9840F}.Debug|Any CPU.ActiveCfg = Debug|Any CPU
		{15F946A4-5F13-063E-E82E-68D487C9840F}.Debug|Any CPU.Build.0 = Debug|Any CPU
		{15F946A4-5F13-063E-E82E-68D487C9840F}.Release|Any CPU.ActiveCfg = Release|Any CPU
		{15F946A4-5F13-063E-E82E-68D487C9840F}.Release|Any CPU.Build.0 = Release|Any CPU
		{94419828-7181-9EA4-F676-E23D3F1DFA7A}.Debug|Any CPU.ActiveCfg = Debug|Any CPU
		{94419828-7181-9EA4-F676-E23D3F1DFA7A}.Debug|Any CPU.Build.0 = Debug|Any CPU
		{94419828-7181-9EA4-F676-E23D3F1DFA7A}.Release|Any CPU.ActiveCfg = Release|Any CPU
		{94419828-7181-9EA4-F676-E23D3F1DFA7A}.Release|Any CPU.Build.0 = Release|Any CPU
	EndGlobalSection
	GlobalSection(SolutionProperties) = preSolution
		HideSolutionNode = FALSE
	EndGlobalSection
	GlobalSection(MonoDevelopProperties) = preSolution
		StartupItem = Assembly-CSharp.csproj
	EndGlobalSection
EndGlobal
